
Microsoft Visual Studio Solution File, Format Version 12.00
# Visual Studio Version 16
VisualStudioVersion = 16.0.29306.81
MinimumVisualStudioVersion = 10.0.40219.1
Project("{FAE04EC0-301F-11D3-BF4B-00C04F79EFBC}") = "CMSShoppingCart", "CMSShoppingCart\CMSShoppingCart.csproj", "{046A3648-D66B-452B-A783-94665DB392B8}"
EndProject
Global
	GlobalSection(SolutionConfigurationPlatforms) = preSolution
		Debug|Any CPU = Debug|Any CPU
		Release|Any CPU = Release|Any CPU
	EndGlobalSection
	GlobalSection(ProjectConfigurationPlatforms) = postSolution
		{046A3648-D66B-452B-A783-94665DB392B8}.Debug|Any CPU.ActiveCfg = Debug|Any CPU
		{046A3648-D66B-452B-A783-94665DB392B8}.Debug|Any CPU.Build.0 = Debug|Any CPU
		{046A3648-D66B-452B-A783-94665DB392B8}.Release|Any CPU.ActiveCfg = Release|Any CPU
		{046A3648-D66B-452B-A783-94665DB392B8}.Release|Any CPU.Build.0 = Release|Any CPU
	EndGlobalSection
	GlobalSection(SolutionProperties) = preSolution
		HideSolutionNode = FALSE
	EndGlobalSection
	GlobalSection(ExtensibilityGlobals) = postSolution
		SolutionGuid = {8922ED81-B7EE-46A3-88FA-0DB166D11BA0}
	EndGlobalSection
EndGlobal
